
Microsoft Visual Studio Solution File, Format Version 12.00
# Visual Studio Version 16
VisualStudioVersion = 16.0.29911.84
MinimumVisualStudioVersion = 10.0.40219.1
Project("{FAE04EC0-301F-11D3-BF4B-00C04F79EFBC}") = "Profile", "Profile\Profile.csproj", "{686B02A9-D71D-482B-9B12-D448303AEC2C}"
EndProject
Global
	GlobalSection(SolutionConfigurationPlatforms) = preSolution
		Debug|Any CPU = Debug|Any CPU
		Release|Any CPU = Release|Any CPU
	EndGlobalSection
	GlobalSection(ProjectConfigurationPlatforms) = postSolution
		{686B02A9-D71D-482B-9B12-D448303AEC2C}.Debug|Any CPU.ActiveCfg = Debug|Any CPU
		{686B02A9-D71D-482B-9B12-D448303AEC2C}.Debug|Any CPU.Build.0 = Debug|Any CPU
		{686B02A9-D71D-482B-9B12-D448303AEC2C}.Release|Any CPU.ActiveCfg = Release|Any CPU
		{686B02A9-D71D-482B-9B12-D448303AEC2C}.Release|Any CPU.Build.0 = Release|Any CPU
	EndGlobalSection
	GlobalSection(SolutionProperties) = preSolution
		HideSolutionNode = FALSE
	EndGlobalSection
	GlobalSection(ExtensibilityGlobals) = postSolution
		SolutionGuid = {FA02C48A-78A5-4A36-BBD0-9820E5A48960}
	EndGlobalSection
EndGlobal
